
Microsoft Visual Studio Solution File, Format Version 12.00
# Visual Studio Version 17
VisualStudioVersion = 17.8.34525.116
MinimumVisualStudioVersion = 10.0.40219.1
Project("{9A19103F-16F7-4668-BE54-9A1E7A4F7556}") = "WebStore.API", "CrudForFun\WebStore.API.csproj", "{D73127B2-6F7F-4B8A-BFE7-B68369960A26}"
EndProject
Project("{9A19103F-16F7-4668-BE54-9A1E7A4F7556}") = "WebStore.Infrastructure", "CrudForFun.Database\WebStore.Infrastructure.csproj", "{FB3F0917-5A29-4170-BD28-2A43312E26CD}"
EndProject
Project("{9A19103F-16F7-4668-BE54-9A1E7A4F7556}") = "WebStore.Domain", "WebStore.Domain\WebStore.Domain.csproj", "{C7C0B289-1402-48E6-96CA-D100568A154E}"
EndProject
Project("{9A19103F-16F7-4668-BE54-9A1E7A4F7556}") = "WebStore.Application", "src\Application\WebStore.Application.csproj", "{BAF99129-BFE4-4A42-96BC-806642572185}"
EndProject
Project("{FAE04EC0-301F-11D3-BF4B-00C04F79EFBC}") = "WebStore.EventBus", "WebStore.EventBus\WebStore.EventBus.csproj", "{AE99504D-33EA-445A-83D6-017E350BF690}"
EndProject
Project("{FAE04EC0-301F-11D3-BF4B-00C04F79EFBC}") = "WebStore.EventBusRabbitMq", "src\WebStore.EventBusRabbitMq\WebStore.EventBusRabbitMq.csproj", "{9EBCA821-E7ED-45CD-B670-FF0566DBD441}"
EndProject
Global
	GlobalSection(SolutionConfigurationPlatforms) = preSolution
		Debug|Any CPU = Debug|Any CPU
		Release|Any CPU = Release|Any CPU
	EndGlobalSection
	GlobalSection(ProjectConfigurationPlatforms) = postSolution
		{D73127B2-6F7F-4B8A-BFE7-B68369960A26}.Debug|Any CPU.ActiveCfg = Debug|Any CPU
		{D73127B2-6F7F-4B8A-BFE7-B68369960A26}.Debug|Any CPU.Build.0 = Debug|Any CPU
		{D73127B2-6F7F-4B8A-BFE7-B68369960A26}.Release|Any CPU.ActiveCfg = Release|Any CPU
		{D73127B2-6F7F-4B8A-BFE7-B68369960A26}.Release|Any CPU.Build.0 = Release|Any CPU
		{FB3F0917-5A29-4170-BD28-2A43312E26CD}.Debug|Any CPU.ActiveCfg = Debug|Any CPU
		{FB3F0917-5A29-4170-BD28-2A43312E26CD}.Debug|Any CPU.Build.0 = Debug|Any CPU
		{FB3F0917-5A29-4170-BD28-2A43312E26CD}.Release|Any CPU.ActiveCfg = Release|Any CPU
		{FB3F0917-5A29-4170-BD28-2A43312E26CD}.Release|Any CPU.Build.0 = Release|Any CPU
		{C7C0B289-1402-48E6-96CA-D100568A154E}.Debug|Any CPU.ActiveCfg = Debug|Any CPU
		{C7C0B289-1402-48E6-96CA-D100568A154E}.Debug|Any CPU.Build.0 = Debug|Any CPU
		{C7C0B289-1402-48E6-96CA-D100568A154E}.Release|Any CPU.ActiveCfg = Release|Any CPU
		{C7C0B289-1402-48E6-96CA-D100568A154E}.Release|Any CPU.Build.0 = Release|Any CPU
		{BAF99129-BFE4-4A42-96BC-806642572185}.Debug|Any CPU.ActiveCfg = Debug|Any CPU
		{BAF99129-BFE4-4A42-96BC-806642572185}.Debug|Any CPU.Build.0 = Debug|Any CPU
		{BAF99129-BFE4-4A42-96BC-806642572185}.Release|Any CPU.ActiveCfg = Release|Any CPU
		{BAF99129-BFE4-4A42-96BC-806642572185}.Release|Any CPU.Build.0 = Release|Any CPU
		{AE99504D-33EA-445A-83D6-017E350BF690}.Debug|Any CPU.ActiveCfg = Debug|Any CPU
		{AE99504D-33EA-445A-83D6-017E350BF690}.Debug|Any CPU.Build.0 = Debug|Any CPU
		{AE99504D-33EA-445A-83D6-017E350BF690}.Release|Any CPU.ActiveCfg = Release|Any CPU
		{AE99504D-33EA-445A-83D6-017E350BF690}.Release|Any CPU.Build.0 = Release|Any CPU
		{9EBCA821-E7ED-45CD-B670-FF0566DBD441}.Debug|Any CPU.ActiveCfg = Debug|Any CPU
		{9EBCA821-E7ED-45CD-B670-FF0566DBD441}.Debug|Any CPU.Build.0 = Debug|Any CPU
		{9EBCA821-E7ED-45CD-B670-FF0566DBD441}.Release|Any CPU.ActiveCfg = Release|Any CPU
		{9EBCA821-E7ED-45CD-B670-FF0566DBD441}.Release|Any CPU.Build.0 = Release|Any CPU
	EndGlobalSection
	GlobalSection(SolutionProperties) = preSolution
		HideSolutionNode = FALSE
	EndGlobalSection
	GlobalSection(ExtensibilityGlobals) = postSolution
		SolutionGuid = {AB7EB8A6-2496-4380-A18A-6E0663C3378A}
	EndGlobalSection
EndGlobal
