
Microsoft Visual Studio Solution File, Format Version 12.00
# Visual Studio Version 17
VisualStudioVersion = 17.8.34525.116
MinimumVisualStudioVersion = 10.0.40219.1
Project("{9A19103F-16F7-4668-BE54-9A1E7A4F7556}") = "WebStore.EventBusRabbitMq", "src\WebStore.EventBusRabbitMq\WebStore.EventBusRabbitMq.csproj", "{9EBCA821-E7ED-45CD-B670-FF0566DBD441}"
EndProject
Project("{9A19103F-16F7-4668-BE54-9A1E7A4F7556}") = "WebStore.API", "src\WebStore.API\WebStore.API.csproj", "{17BA9A9B-8991-4413-8685-D0EBC44A6C93}"
EndProject
Project("{9A19103F-16F7-4668-BE54-9A1E7A4F7556}") = "WebStore.Application", "src\WebStore.Application\WebStore.Application.csproj", "{5710277B-490B-4B69-B589-879F583B5302}"
EndProject
Project("{9A19103F-16F7-4668-BE54-9A1E7A4F7556}") = "WebStore.Domain", "src\WebStore.Domain\WebStore.Domain.csproj", "{2A8AF480-E939-418F-B58E-09D87DE44492}"
EndProject
Project("{9A19103F-16F7-4668-BE54-9A1E7A4F7556}") = "WebStore.EventBus", "src\WebStore.EventBus\WebStore.EventBus.csproj", "{454CEE0D-53B4-43B5-8D14-070DBF0C5D1B}"
EndProject
Project("{9A19103F-16F7-4668-BE54-9A1E7A4F7556}") = "WebStore.Infrastructure", "src\WebStore.Infrastructure\WebStore.Infrastructure.csproj", "{AB2762F7-9E8E-4EF0-803E-D70AE0E4FB94}"
EndProject
Project("{FAE04EC0-301F-11D3-BF4B-00C04F79EFBC}") = "WebStore.InfrastructureUnitTests", "src\WebStore.InfrastructureUnitTests\WebStore.InfrastructureUnitTests.csproj", "{FD14E225-8B08-4DD6-BC59-8AB9BA0ABE3C}"
EndProject
Global
	GlobalSection(SolutionConfigurationPlatforms) = preSolution
		Debug|Any CPU = Debug|Any CPU
		Release|Any CPU = Release|Any CPU
	EndGlobalSection
	GlobalSection(ProjectConfigurationPlatforms) = postSolution
		{9EBCA821-E7ED-45CD-B670-FF0566DBD441}.Debug|Any CPU.ActiveCfg = Debug|Any CPU
		{9EBCA821-E7ED-45CD-B670-FF0566DBD441}.Debug|Any CPU.Build.0 = Debug|Any CPU
		{9EBCA821-E7ED-45CD-B670-FF0566DBD441}.Release|Any CPU.ActiveCfg = Release|Any CPU
		{9EBCA821-E7ED-45CD-B670-FF0566DBD441}.Release|Any CPU.Build.0 = Release|Any CPU
		{17BA9A9B-8991-4413-8685-D0EBC44A6C93}.Debug|Any CPU.ActiveCfg = Debug|Any CPU
		{17BA9A9B-8991-4413-8685-D0EBC44A6C93}.Debug|Any CPU.Build.0 = Debug|Any CPU
		{17BA9A9B-8991-4413-8685-D0EBC44A6C93}.Release|Any CPU.ActiveCfg = Release|Any CPU
		{17BA9A9B-8991-4413-8685-D0EBC44A6C93}.Release|Any CPU.Build.0 = Release|Any CPU
		{5710277B-490B-4B69-B589-879F583B5302}.Debug|Any CPU.ActiveCfg = Debug|Any CPU
		{5710277B-490B-4B69-B589-879F583B5302}.Debug|Any CPU.Build.0 = Debug|Any CPU
		{5710277B-490B-4B69-B589-879F583B5302}.Release|Any CPU.ActiveCfg = Release|Any CPU
		{5710277B-490B-4B69-B589-879F583B5302}.Release|Any CPU.Build.0 = Release|Any CPU
		{2A8AF480-E939-418F-B58E-09D87DE44492}.Debug|Any CPU.ActiveCfg = Debug|Any CPU
		{2A8AF480-E939-418F-B58E-09D87DE44492}.Debug|Any CPU.Build.0 = Debug|Any CPU
		{2A8AF480-E939-418F-B58E-09D87DE44492}.Release|Any CPU.ActiveCfg = Release|Any CPU
		{2A8AF480-E939-418F-B58E-09D87DE44492}.Release|Any CPU.Build.0 = Release|Any CPU
		{454CEE0D-53B4-43B5-8D14-070DBF0C5D1B}.Debug|Any CPU.ActiveCfg = Debug|Any CPU
		{454CEE0D-53B4-43B5-8D14-070DBF0C5D1B}.Debug|Any CPU.Build.0 = Debug|Any CPU
		{454CEE0D-53B4-43B5-8D14-070DBF0C5D1B}.Release|Any CPU.ActiveCfg = Release|Any CPU
		{454CEE0D-53B4-43B5-8D14-070DBF0C5D1B}.Release|Any CPU.Build.0 = Release|Any CPU
		{AB2762F7-9E8E-4EF0-803E-D70AE0E4FB94}.Debug|Any CPU.ActiveCfg = Debug|Any CPU
		{AB2762F7-9E8E-4EF0-803E-D70AE0E4FB94}.Debug|Any CPU.Build.0 = Debug|Any CPU
		{AB2762F7-9E8E-4EF0-803E-D70AE0E4FB94}.Release|Any CPU.ActiveCfg = Release|Any CPU
		{AB2762F7-9E8E-4EF0-803E-D70AE0E4FB94}.Release|Any CPU.Build.0 = Release|Any CPU
		{FD14E225-8B08-4DD6-BC59-8AB9BA0ABE3C}.Debug|Any CPU.ActiveCfg = Debug|Any CPU
		{FD14E225-8B08-4DD6-BC59-8AB9BA0ABE3C}.Debug|Any CPU.Build.0 = Debug|Any CPU
		{FD14E225-8B08-4DD6-BC59-8AB9BA0ABE3C}.Release|Any CPU.ActiveCfg = Release|Any CPU
		{FD14E225-8B08-4DD6-BC59-8AB9BA0ABE3C}.Release|Any CPU.Build.0 = Release|Any CPU
	EndGlobalSection
	GlobalSection(SolutionProperties) = preSolution
		HideSolutionNode = FALSE
	EndGlobalSection
	GlobalSection(ExtensibilityGlobals) = postSolution
		SolutionGuid = {AB7EB8A6-2496-4380-A18A-6E0663C3378A}
	EndGlobalSection
EndGlobal
