
Microsoft Visual Studio Solution File, Format Version 12.00
# Visual Studio Version 17
VisualStudioVersion = 17.8.34525.116
MinimumVisualStudioVersion = 10.0.40219.1
Project("{2150E333-8FDC-42A3-9474-1A3956D46DE8}") = "src", "src", "{319750D1-66E8-45E6-ACEF-6EB453B41615}"
EndProject
Project("{2150E333-8FDC-42A3-9474-1A3956D46DE8}") = "NuGet", "NuGet", "{95B5A9FF-9228-432F-804A-CF60E7EADAE9}"
EndProject
Project("{9A19103F-16F7-4668-BE54-9A1E7A4F7556}") = "WebStore.API.Service", "WebStore.API\WebStore.API.Service.csproj", "{1C6F403C-2A6F-40CF-A554-915662013AB5}"
EndProject
Project("{9A19103F-16F7-4668-BE54-9A1E7A4F7556}") = "WebStore.API.Application", "WebStore.Application\WebStore.API.Application.csproj", "{03A2AEF5-832C-4378-8E08-902E9BEE631D}"
EndProject
Project("{9A19103F-16F7-4668-BE54-9A1E7A4F7556}") = "WebStore.API.Domain", "WebStore.Domain\WebStore.API.Domain.csproj", "{4BCEBB9C-403F-48F4-B296-3405A95A579F}"
EndProject
Project("{9A19103F-16F7-4668-BE54-9A1E7A4F7556}") = "WebStore.API.Infrastructure", "WebStore.Infrastructure\WebStore.API.Infrastructure.csproj", "{3E31AF2C-1386-42EF-B4F0-BEA515D91DC6}"
EndProject
Project("{2150E333-8FDC-42A3-9474-1A3956D46DE8}") = "WebStoreAPI", "WebStoreAPI", "{18DA8845-4143-42FC-B127-F3B6D11B83B8}"
EndProject
Project("{2150E333-8FDC-42A3-9474-1A3956D46DE8}") = "WebStoreConsumer", "WebStoreConsumer", "{65BDBD9D-9703-4B2E-8720-EFD03AFE6194}"
EndProject
Project("{9A19103F-16F7-4668-BE54-9A1E7A4F7556}") = "WebStore.Consumer.Service", "..\WebStoreConsumer\WebStore.Service\WebStore.Consumer.Service.csproj", "{969FF854-3B17-4469-8067-F17310C3F43F}"
EndProject
Project("{9A19103F-16F7-4668-BE54-9A1E7A4F7556}") = "WebStore.Consumer.RabbitMq", "..\WebStoreConsumer\WebStore.EventHandling\WebStore.Consumer.RabbitMq.csproj", "{95E3BC9D-8AE4-4A17-A032-7C365E576A38}"
EndProject
Project("{2150E333-8FDC-42A3-9474-1A3956D46DE8}") = "WebStoreBus", "WebStoreBus", "{39D5B2FF-FF99-4F8E-BFD1-9A4921599255}"
EndProject
Project("{9A19103F-16F7-4668-BE54-9A1E7A4F7556}") = "WebStore.EventBus.Service", "..\WebStoreBus\WebStore.EventBus.Service\WebStore.EventBus.Service.csproj", "{24345C2E-F44C-45F4-9246-A2D3C3499882}"
EndProject
Project("{9A19103F-16F7-4668-BE54-9A1E7A4F7556}") = "WebStore.EventBus.Abstraction", "..\..\NuGet\WebStore.EventBus.Abstraction\WebStore.EventBus.Abstraction.csproj", "{CEEEDC19-4C1E-4204-B764-D84D89D1DD3B}"
EndProject
Project("{9A19103F-16F7-4668-BE54-9A1E7A4F7556}") = "WebStore.EventBus.RabbitMq", "..\WebStoreBus\WebStore.EventBus.RabbitMq\WebStore.EventBus.RabbitMq.csproj", "{D2280D7F-D4C8-4CF4-9499-AC1790299985}"
EndProject
Project("{9A19103F-16F7-4668-BE54-9A1E7A4F7556}") = "WebStore.EventBus.Infrastructure", "..\WebStoreBus\WebStore.EventBus.Infrastructure\WebStore.EventBus.Infrastructure.csproj", "{9896A16A-11ED-4EC4-9AA0-5BC5D1055C4F}"
EndProject
Project("{9A19103F-16F7-4668-BE54-9A1E7A4F7556}") = "WebStore.EventBus.Events", "..\..\NuGet\WebStore.EventBus.Events\WebStore.EventBus.Events.csproj", "{5AD57157-A219-4765-82D9-6F771B690334}"
EndProject
Global
	GlobalSection(SolutionConfigurationPlatforms) = preSolution
		Debug|Any CPU = Debug|Any CPU
		Release|Any CPU = Release|Any CPU
	EndGlobalSection
	GlobalSection(ProjectConfigurationPlatforms) = postSolution
		{1C6F403C-2A6F-40CF-A554-915662013AB5}.Debug|Any CPU.ActiveCfg = Debug|Any CPU
		{1C6F403C-2A6F-40CF-A554-915662013AB5}.Debug|Any CPU.Build.0 = Debug|Any CPU
		{1C6F403C-2A6F-40CF-A554-915662013AB5}.Release|Any CPU.ActiveCfg = Release|Any CPU
		{1C6F403C-2A6F-40CF-A554-915662013AB5}.Release|Any CPU.Build.0 = Release|Any CPU
		{03A2AEF5-832C-4378-8E08-902E9BEE631D}.Debug|Any CPU.ActiveCfg = Debug|Any CPU
		{03A2AEF5-832C-4378-8E08-902E9BEE631D}.Debug|Any CPU.Build.0 = Debug|Any CPU
		{03A2AEF5-832C-4378-8E08-902E9BEE631D}.Release|Any CPU.ActiveCfg = Release|Any CPU
		{03A2AEF5-832C-4378-8E08-902E9BEE631D}.Release|Any CPU.Build.0 = Release|Any CPU
		{4BCEBB9C-403F-48F4-B296-3405A95A579F}.Debug|Any CPU.ActiveCfg = Debug|Any CPU
		{4BCEBB9C-403F-48F4-B296-3405A95A579F}.Debug|Any CPU.Build.0 = Debug|Any CPU
		{4BCEBB9C-403F-48F4-B296-3405A95A579F}.Release|Any CPU.ActiveCfg = Release|Any CPU
		{4BCEBB9C-403F-48F4-B296-3405A95A579F}.Release|Any CPU.Build.0 = Release|Any CPU
		{3E31AF2C-1386-42EF-B4F0-BEA515D91DC6}.Debug|Any CPU.ActiveCfg = Debug|Any CPU
		{3E31AF2C-1386-42EF-B4F0-BEA515D91DC6}.Debug|Any CPU.Build.0 = Debug|Any CPU
		{3E31AF2C-1386-42EF-B4F0-BEA515D91DC6}.Release|Any CPU.ActiveCfg = Release|Any CPU
		{3E31AF2C-1386-42EF-B4F0-BEA515D91DC6}.Release|Any CPU.Build.0 = Release|Any CPU
		{969FF854-3B17-4469-8067-F17310C3F43F}.Debug|Any CPU.ActiveCfg = Debug|Any CPU
		{969FF854-3B17-4469-8067-F17310C3F43F}.Debug|Any CPU.Build.0 = Debug|Any CPU
		{969FF854-3B17-4469-8067-F17310C3F43F}.Release|Any CPU.ActiveCfg = Release|Any CPU
		{969FF854-3B17-4469-8067-F17310C3F43F}.Release|Any CPU.Build.0 = Release|Any CPU
		{95E3BC9D-8AE4-4A17-A032-7C365E576A38}.Debug|Any CPU.ActiveCfg = Debug|Any CPU
		{95E3BC9D-8AE4-4A17-A032-7C365E576A38}.Debug|Any CPU.Build.0 = Debug|Any CPU
		{95E3BC9D-8AE4-4A17-A032-7C365E576A38}.Release|Any CPU.ActiveCfg = Release|Any CPU
		{95E3BC9D-8AE4-4A17-A032-7C365E576A38}.Release|Any CPU.Build.0 = Release|Any CPU
		{24345C2E-F44C-45F4-9246-A2D3C3499882}.Debug|Any CPU.ActiveCfg = Debug|Any CPU
		{24345C2E-F44C-45F4-9246-A2D3C3499882}.Debug|Any CPU.Build.0 = Debug|Any CPU
		{24345C2E-F44C-45F4-9246-A2D3C3499882}.Release|Any CPU.ActiveCfg = Release|Any CPU
		{24345C2E-F44C-45F4-9246-A2D3C3499882}.Release|Any CPU.Build.0 = Release|Any CPU
		{CEEEDC19-4C1E-4204-B764-D84D89D1DD3B}.Debug|Any CPU.ActiveCfg = Debug|Any CPU
		{CEEEDC19-4C1E-4204-B764-D84D89D1DD3B}.Debug|Any CPU.Build.0 = Debug|Any CPU
		{CEEEDC19-4C1E-4204-B764-D84D89D1DD3B}.Release|Any CPU.ActiveCfg = Release|Any CPU
		{CEEEDC19-4C1E-4204-B764-D84D89D1DD3B}.Release|Any CPU.Build.0 = Release|Any CPU
		{D2280D7F-D4C8-4CF4-9499-AC1790299985}.Debug|Any CPU.ActiveCfg = Debug|Any CPU
		{D2280D7F-D4C8-4CF4-9499-AC1790299985}.Debug|Any CPU.Build.0 = Debug|Any CPU
		{D2280D7F-D4C8-4CF4-9499-AC1790299985}.Release|Any CPU.ActiveCfg = Release|Any CPU
		{D2280D7F-D4C8-4CF4-9499-AC1790299985}.Release|Any CPU.Build.0 = Release|Any CPU
		{9896A16A-11ED-4EC4-9AA0-5BC5D1055C4F}.Debug|Any CPU.ActiveCfg = Debug|Any CPU
		{9896A16A-11ED-4EC4-9AA0-5BC5D1055C4F}.Debug|Any CPU.Build.0 = Debug|Any CPU
		{9896A16A-11ED-4EC4-9AA0-5BC5D1055C4F}.Release|Any CPU.ActiveCfg = Release|Any CPU
		{9896A16A-11ED-4EC4-9AA0-5BC5D1055C4F}.Release|Any CPU.Build.0 = Release|Any CPU
		{5AD57157-A219-4765-82D9-6F771B690334}.Debug|Any CPU.ActiveCfg = Debug|Any CPU
		{5AD57157-A219-4765-82D9-6F771B690334}.Debug|Any CPU.Build.0 = Debug|Any CPU
		{5AD57157-A219-4765-82D9-6F771B690334}.Release|Any CPU.ActiveCfg = Release|Any CPU
		{5AD57157-A219-4765-82D9-6F771B690334}.Release|Any CPU.Build.0 = Release|Any CPU
	EndGlobalSection
	GlobalSection(SolutionProperties) = preSolution
		HideSolutionNode = FALSE
	EndGlobalSection
	GlobalSection(NestedProjects) = preSolution
		{1C6F403C-2A6F-40CF-A554-915662013AB5} = {18DA8845-4143-42FC-B127-F3B6D11B83B8}
		{03A2AEF5-832C-4378-8E08-902E9BEE631D} = {18DA8845-4143-42FC-B127-F3B6D11B83B8}
		{4BCEBB9C-403F-48F4-B296-3405A95A579F} = {18DA8845-4143-42FC-B127-F3B6D11B83B8}
		{3E31AF2C-1386-42EF-B4F0-BEA515D91DC6} = {18DA8845-4143-42FC-B127-F3B6D11B83B8}
		{18DA8845-4143-42FC-B127-F3B6D11B83B8} = {319750D1-66E8-45E6-ACEF-6EB453B41615}
		{65BDBD9D-9703-4B2E-8720-EFD03AFE6194} = {319750D1-66E8-45E6-ACEF-6EB453B41615}
		{969FF854-3B17-4469-8067-F17310C3F43F} = {65BDBD9D-9703-4B2E-8720-EFD03AFE6194}
		{95E3BC9D-8AE4-4A17-A032-7C365E576A38} = {65BDBD9D-9703-4B2E-8720-EFD03AFE6194}
		{39D5B2FF-FF99-4F8E-BFD1-9A4921599255} = {319750D1-66E8-45E6-ACEF-6EB453B41615}
		{24345C2E-F44C-45F4-9246-A2D3C3499882} = {39D5B2FF-FF99-4F8E-BFD1-9A4921599255}
		{CEEEDC19-4C1E-4204-B764-D84D89D1DD3B} = {95B5A9FF-9228-432F-804A-CF60E7EADAE9}
		{D2280D7F-D4C8-4CF4-9499-AC1790299985} = {39D5B2FF-FF99-4F8E-BFD1-9A4921599255}
		{9896A16A-11ED-4EC4-9AA0-5BC5D1055C4F} = {39D5B2FF-FF99-4F8E-BFD1-9A4921599255}
		{5AD57157-A219-4765-82D9-6F771B690334} = {95B5A9FF-9228-432F-804A-CF60E7EADAE9}
	EndGlobalSection
	GlobalSection(ExtensibilityGlobals) = postSolution
		SolutionGuid = {AB7EB8A6-2496-4380-A18A-6E0663C3378A}
	EndGlobalSection
EndGlobal
